
Microsoft Visual Studio Solution File, Format Version 12.00
# Visual Studio Version 17
VisualStudioVersion = 17.11.35219.272
MinimumVisualStudioVersion = 10.0.40219.1
Project("{9A19103F-16F7-4668-BE54-9A1E7A4F7556}") = "KinoDev.StorageService.WebApi", "src\KinoDev.StorageService.WebApi\KinoDev.StorageService.WebApi.csproj", "{B29D5F0F-4E60-43AC-96B0-0DAE046F48C5}"
EndProject
Global
	GlobalSection(SolutionConfigurationPlatforms) = preSolution
		Debug|Any CPU = Debug|Any CPU
		Release|Any CPU = Release|Any CPU
	EndGlobalSection
	GlobalSection(ProjectConfigurationPlatforms) = postSolution
		{B29D5F0F-4E60-43AC-96B0-0DAE046F48C5}.Debug|Any CPU.ActiveCfg = Debug|Any CPU
		{B29D5F0F-4E60-43AC-96B0-0DAE046F48C5}.Debug|Any CPU.Build.0 = Debug|Any CPU
		{B29D5F0F-4E60-43AC-96B0-0DAE046F48C5}.Release|Any CPU.ActiveCfg = Release|Any CPU
		{B29D5F0F-4E60-43AC-96B0-0DAE046F48C5}.Release|Any CPU.Build.0 = Release|Any CPU
	EndGlobalSection
	GlobalSection(SolutionProperties) = preSolution
		HideSolutionNode = FALSE
	EndGlobalSection
	GlobalSection(ExtensibilityGlobals) = postSolution
		SolutionGuid = {BE085014-1E62-4A0A-9762-7C9F7D34E1A3}
	EndGlobalSection
EndGlobal
